{
  "pins" : [
    {
      "identity" : "alamofire",
      "kind" : "remoteSourceControl",
      "location" : "https://github.com/Alamofire/Alamofire.git",
      "state" : {
        "branch" : "master",
        "revision" : "f512df48300140994b1ea56a2ff024a4734cef2b"
      }
    }
  ],
  "version" : 2
}
